
Microsoft Visual Studio Solution File, Format Version 12.00
# Visual Studio Version 16
VisualStudioVersion = 16.0.31205.134
MinimumVisualStudioVersion = 10.0.40219.1
Project("{FAE04EC0-301F-11D3-BF4B-00C04F79EFBC}") = "IDEF", "IDEF\IDEF.csproj", "{F23E9F13-33E9-42C2-AF95-8E37F5682FE5}"
EndProject
Project("{FAE04EC0-301F-11D3-BF4B-00C04F79EFBC}") = "IDEF.WorkFlow", "IDEF.WorkFlow\IDEF.WorkFlow.csproj", "{D77C06A5-569D-475A-AD9B-30A12AC56CBE}"
EndProject
Global
	GlobalSection(SolutionConfigurationPlatforms) = preSolution
		Debug|Any CPU = Debug|Any CPU
		Release|Any CPU = Release|Any CPU
	EndGlobalSection
	GlobalSection(ProjectConfigurationPlatforms) = postSolution
		{F23E9F13-33E9-42C2-AF95-8E37F5682FE5}.Debug|Any CPU.ActiveCfg = Debug|Any CPU
		{F23E9F13-33E9-42C2-AF95-8E37F5682FE5}.Debug|Any CPU.Build.0 = Debug|Any CPU
		{F23E9F13-33E9-42C2-AF95-8E37F5682FE5}.Release|Any CPU.ActiveCfg = Release|Any CPU
		{F23E9F13-33E9-42C2-AF95-8E37F5682FE5}.Release|Any CPU.Build.0 = Release|Any CPU
		{D77C06A5-569D-475A-AD9B-30A12AC56CBE}.Debug|Any CPU.ActiveCfg = Debug|Any CPU
		{D77C06A5-569D-475A-AD9B-30A12AC56CBE}.Debug|Any CPU.Build.0 = Debug|Any CPU
		{D77C06A5-569D-475A-AD9B-30A12AC56CBE}.Release|Any CPU.ActiveCfg = Release|Any CPU
		{D77C06A5-569D-475A-AD9B-30A12AC56CBE}.Release|Any CPU.Build.0 = Release|Any CPU
	EndGlobalSection
	GlobalSection(SolutionProperties) = preSolution
		HideSolutionNode = FALSE
	EndGlobalSection
	GlobalSection(ExtensibilityGlobals) = postSolution
		SolutionGuid = {0D37FF20-E3A4-4209-AB0A-2BF1D242CA77}
	EndGlobalSection
EndGlobal
